
Microsoft Visual Studio Solution File, Format Version 12.00
# Visual Studio Version 17
VisualStudioVersion = 17.7.34018.315
MinimumVisualStudioVersion = 10.0.40219.1
Project("{9A19103F-16F7-4668-BE54-9A1E7A4F7556}") = "She_He_Store", "She_He_Store\She_He_Store.csproj", "{F7D8BFE5-7655-4747-AC96-EF9978784860}"
EndProject
Global
	GlobalSection(SolutionConfigurationPlatforms) = preSolution
		Debug|Any CPU = Debug|Any CPU
		Release|Any CPU = Release|Any CPU
	EndGlobalSection
	GlobalSection(ProjectConfigurationPlatforms) = postSolution
		{F7D8BFE5-7655-4747-AC96-EF9978784860}.Debug|Any CPU.ActiveCfg = Debug|Any CPU
		{F7D8BFE5-7655-4747-AC96-EF9978784860}.Debug|Any CPU.Build.0 = Debug|Any CPU
		{F7D8BFE5-7655-4747-AC96-EF9978784860}.Release|Any CPU.ActiveCfg = Release|Any CPU
		{F7D8BFE5-7655-4747-AC96-EF9978784860}.Release|Any CPU.Build.0 = Release|Any CPU
	EndGlobalSection
	GlobalSection(SolutionProperties) = preSolution
		HideSolutionNode = FALSE
	EndGlobalSection
	GlobalSection(ExtensibilityGlobals) = postSolution
		SolutionGuid = {4BE44027-30BF-44E5-91E8-E9FF668E0123}
	EndGlobalSection
EndGlobal
